
Microsoft Visual Studio Solution File, Format Version 12.00
# Visual Studio Version 16
VisualStudioVersion = 16.0.33027.164
MinimumVisualStudioVersion = 10.0.40219.1
Project("{FAE04EC0-301F-11D3-BF4B-00C04F79EFBC}") = "QuanLyPhongGymNTN", "QuanLyPhongGymNTN\QuanLyPhongGymNTN.csproj", "{5E12316D-C45C-45EA-849C-8D1E6E779CFE}"
EndProject
Project("{FAE04EC0-301F-11D3-BF4B-00C04F79EFBC}") = "BUS", "BUS\BUS.csproj", "{97BA78AF-45FC-4B5E-A113-2992A208D18C}"
EndProject
Project("{FAE04EC0-301F-11D3-BF4B-00C04F79EFBC}") = "DTO", "DTO\DTO.csproj", "{C477ADB6-B3D9-413D-9097-FCC9C0E5EB4F}"
EndProject
Project("{FAE04EC0-301F-11D3-BF4B-00C04F79EFBC}") = "DAO", "DAO\DAO.csproj", "{041EF8A1-1719-4130-B79D-013CDED0EB4C}"
EndProject
Global
	GlobalSection(SolutionConfigurationPlatforms) = preSolution
		Debug|Any CPU = Debug|Any CPU
		Release|Any CPU = Release|Any CPU
	EndGlobalSection
	GlobalSection(ProjectConfigurationPlatforms) = postSolution
		{5E12316D-C45C-45EA-849C-8D1E6E779CFE}.Debug|Any CPU.ActiveCfg = Debug|Any CPU
		{5E12316D-C45C-45EA-849C-8D1E6E779CFE}.Debug|Any CPU.Build.0 = Debug|Any CPU
		{5E12316D-C45C-45EA-849C-8D1E6E779CFE}.Release|Any CPU.ActiveCfg = Release|Any CPU
		{5E12316D-C45C-45EA-849C-8D1E6E779CFE}.Release|Any CPU.Build.0 = Release|Any CPU
		{97BA78AF-45FC-4B5E-A113-2992A208D18C}.Debug|Any CPU.ActiveCfg = Debug|Any CPU
		{97BA78AF-45FC-4B5E-A113-2992A208D18C}.Debug|Any CPU.Build.0 = Debug|Any CPU
		{97BA78AF-45FC-4B5E-A113-2992A208D18C}.Release|Any CPU.ActiveCfg = Release|Any CPU
		{97BA78AF-45FC-4B5E-A113-2992A208D18C}.Release|Any CPU.Build.0 = Release|Any CPU
		{C477ADB6-B3D9-413D-9097-FCC9C0E5EB4F}.Debug|Any CPU.ActiveCfg = Debug|Any CPU
		{C477ADB6-B3D9-413D-9097-FCC9C0E5EB4F}.Debug|Any CPU.Build.0 = Debug|Any CPU
		{C477ADB6-B3D9-413D-9097-FCC9C0E5EB4F}.Release|Any CPU.ActiveCfg = Release|Any CPU
		{C477ADB6-B3D9-413D-9097-FCC9C0E5EB4F}.Release|Any CPU.Build.0 = Release|Any CPU
		{041EF8A1-1719-4130-B79D-013CDED0EB4C}.Debug|Any CPU.ActiveCfg = Debug|Any CPU
		{041EF8A1-1719-4130-B79D-013CDED0EB4C}.Debug|Any CPU.Build.0 = Debug|Any CPU
		{041EF8A1-1719-4130-B79D-013CDED0EB4C}.Release|Any CPU.ActiveCfg = Release|Any CPU
		{041EF8A1-1719-4130-B79D-013CDED0EB4C}.Release|Any CPU.Build.0 = Release|Any CPU
	EndGlobalSection
	GlobalSection(SolutionProperties) = preSolution
		HideSolutionNode = FALSE
	EndGlobalSection
	GlobalSection(ExtensibilityGlobals) = postSolution
		SolutionGuid = {9C06757B-03D2-4271-99C3-B9D8C57C1EF9}
	EndGlobalSection
EndGlobal
